
Microsoft Visual Studio Solution File, Format Version 12.00
# Visual Studio Version 16
VisualStudioVersion = 16.0.31229.75
MinimumVisualStudioVersion = 10.0.40219.1
Project("{FAE04EC0-301F-11D3-BF4B-00C04F79EFBC}") = "LMFinder", "src\LMFinder.csproj", "{C7FC975E-159F-4952-8B12-F61C950366F1}"
EndProject
Global
	GlobalSection(SolutionConfigurationPlatforms) = preSolution
		Debug|Any CPU = Debug|Any CPU
		Release|Any CPU = Release|Any CPU
	EndGlobalSection
	GlobalSection(ProjectConfigurationPlatforms) = postSolution
		{C7FC975E-159F-4952-8B12-F61C950366F1}.Debug|Any CPU.ActiveCfg = Debug|Any CPU
		{C7FC975E-159F-4952-8B12-F61C950366F1}.Debug|Any CPU.Build.0 = Debug|Any CPU
		{C7FC975E-159F-4952-8B12-F61C950366F1}.Release|Any CPU.ActiveCfg = Release|Any CPU
		{C7FC975E-159F-4952-8B12-F61C950366F1}.Release|Any CPU.Build.0 = Release|Any CPU
	EndGlobalSection
	GlobalSection(SolutionProperties) = preSolution
		HideSolutionNode = FALSE
	EndGlobalSection
	GlobalSection(ExtensibilityGlobals) = postSolution
		SolutionGuid = {C14BFA14-3DFE-46BC-8256-88AF6CDE6CE3}
	EndGlobalSection
EndGlobal
